
Microsoft Visual Studio Solution File, Format Version 12.00
# Visual Studio Version 16
VisualStudioVersion = 16.0.31205.134
MinimumVisualStudioVersion = 10.0.40219.1
Project("{FAE04EC0-301F-11D3-BF4B-00C04F79EFBC}") = "ClassLibrary1", "ClassLibrary1\ClassLibrary1.csproj", "{00D314E0-8BCA-4CF2-A452-F9B4C6A88AAA}"
EndProject
Project("{FAE04EC0-301F-11D3-BF4B-00C04F79EFBC}") = "UnitTestProject1", "UnitTestProject1\UnitTestProject1.csproj", "{7BC93E77-AEC1-4AD8-B21E-1FF6BFA8BBC5}"
EndProject
Global
	GlobalSection(SolutionConfigurationPlatforms) = preSolution
		Debug|Any CPU = Debug|Any CPU
		Release|Any CPU = Release|Any CPU
	EndGlobalSection
	GlobalSection(ProjectConfigurationPlatforms) = postSolution
		{00D314E0-8BCA-4CF2-A452-F9B4C6A88AAA}.Debug|Any CPU.ActiveCfg = Debug|Any CPU
		{00D314E0-8BCA-4CF2-A452-F9B4C6A88AAA}.Debug|Any CPU.Build.0 = Debug|Any CPU
		{00D314E0-8BCA-4CF2-A452-F9B4C6A88AAA}.Release|Any CPU.ActiveCfg = Release|Any CPU
		{00D314E0-8BCA-4CF2-A452-F9B4C6A88AAA}.Release|Any CPU.Build.0 = Release|Any CPU
		{7BC93E77-AEC1-4AD8-B21E-1FF6BFA8BBC5}.Debug|Any CPU.ActiveCfg = Debug|Any CPU
		{7BC93E77-AEC1-4AD8-B21E-1FF6BFA8BBC5}.Debug|Any CPU.Build.0 = Debug|Any CPU
		{7BC93E77-AEC1-4AD8-B21E-1FF6BFA8BBC5}.Release|Any CPU.ActiveCfg = Release|Any CPU
		{7BC93E77-AEC1-4AD8-B21E-1FF6BFA8BBC5}.Release|Any CPU.Build.0 = Release|Any CPU
	EndGlobalSection
	GlobalSection(SolutionProperties) = preSolution
		HideSolutionNode = FALSE
	EndGlobalSection
	GlobalSection(ExtensibilityGlobals) = postSolution
		SolutionGuid = {3201246E-F8D3-4D64-820E-6CDF81DA44CF}
	EndGlobalSection
EndGlobal
